
Microsoft Visual Studio Solution File, Format Version 11.00
# Visual Studio 2010
Project("{2150E333-8FDC-42A3-9474-1A3956D46DE8}") = "IQMedia.Ref", "IQMedia.Ref", "{064D5897-EC7E-4CB1-A9F7-E2831190F182}"
	ProjectSection(SolutionItems) = preProject
		..\..\..\..\..\..\Program Files\NCache\bin\assemblies\4.0\Alachisoft.NCache.Cache.dll = ..\..\..\..\..\..\Program Files\NCache\bin\assemblies\4.0\Alachisoft.NCache.Cache.dll
		..\..\..\..\..\..\Program Files\NCache\bin\assemblies\4.0\Alachisoft.NCache.Common.dll = ..\..\..\..\..\..\Program Files\NCache\bin\assemblies\4.0\Alachisoft.NCache.Common.dll
		..\..\..\..\..\..\Program Files\NCache\bin\assemblies\4.0\Alachisoft.NCache.Management.dll = ..\..\..\..\..\..\Program Files\NCache\bin\assemblies\4.0\Alachisoft.NCache.Management.dll
		..\..\..\..\..\..\Program Files\NCache\bin\assemblies\4.0\Alachisoft.NCache.Runtime.dll = ..\..\..\..\..\..\Program Files\NCache\bin\assemblies\4.0\Alachisoft.NCache.Runtime.dll
		..\..\..\..\..\..\Program Files\NCache\bin\assemblies\4.0\Alachisoft.NCache.Serialization.dll = ..\..\..\..\..\..\Program Files\NCache\bin\assemblies\4.0\Alachisoft.NCache.Serialization.dll
		..\IQMedia.Ref\Alachisoft.NCache.SessionStateManagement.dll = ..\IQMedia.Ref\Alachisoft.NCache.SessionStateManagement.dll
		..\IQMedia.Ref\Alachisoft.NCache.SessionStoreProvider.dll = ..\IQMedia.Ref\Alachisoft.NCache.SessionStoreProvider.dll
		..\..\..\..\..\..\Program Files\NCache\bin\assemblies\4.0\Alachisoft.NCache.Web.dll = ..\..\..\..\..\..\Program Files\NCache\bin\assemblies\4.0\Alachisoft.NCache.Web.dll
		..\IQMedia.Ref\IQMedia.Common.dll = ..\IQMedia.Ref\IQMedia.Common.dll
		..\IQMedia.Ref\IQMedia.Domain.dll = ..\IQMedia.Ref\IQMedia.Domain.dll
		..\IQMedia.Ref\IQMedia.Logic.dll = ..\IQMedia.Ref\IQMedia.Logic.dll
		..\..\..\..\IQMediaServices\IQMedia.Web\IQMedia.Web.Common\bin\Debug\IQMedia.Web.Common.dll = ..\..\..\..\IQMediaServices\IQMedia.Web\IQMedia.Web.Common\bin\Debug\IQMedia.Web.Common.dll
		..\IQMedia.Ref\log4net.dll = ..\IQMedia.Ref\log4net.dll
		IQMedia.Ref\Microsoft.Practices.EnterpriseLibrary.Common.dll = IQMedia.Ref\Microsoft.Practices.EnterpriseLibrary.Common.dll
		IQMedia.Ref\Microsoft.Practices.EnterpriseLibrary.Data.dll = IQMedia.Ref\Microsoft.Practices.EnterpriseLibrary.Data.dll
		IQMedia.Ref\Microsoft.Practices.ObjectBuilder2.dll = IQMedia.Ref\Microsoft.Practices.ObjectBuilder2.dll
	EndProjectSection
EndProject
Project("{FAE04EC0-301F-11D3-BF4B-00C04F79EFBC}") = "IQMedia.Data", "..\IQMedia.Data\IQMedia.Data.csproj", "{C9AE798E-9EAE-4539-95E5-35D124BEB028}"
EndProject
Project("{FAE04EC0-301F-11D3-BF4B-00C04F79EFBC}") = "IQMedia.Web.Logic", "..\IQMedia.Logic\IQMedia.Web.Logic.csproj", "{ED5B1FC9-8C04-4F5E-BDAA-60D8A7C227E3}"
EndProject
Project("{FAE04EC0-301F-11D3-BF4B-00C04F79EFBC}") = "IQMedia.Model", "..\IQMedia.Model\IQMedia.Model.csproj", "{27287047-85ED-43FF-9A0E-E61C7B5C6887}"
EndProject
Project("{FAE04EC0-301F-11D3-BF4B-00C04F79EFBC}") = "IQMedia.WebApplication", "IQMedia.WebApplication.csproj", "{84797604-3515-4B8C-BD84-AEC99D30B9E2}"
EndProject
Project("{FAE04EC0-301F-11D3-BF4B-00C04F79EFBC}") = "PMGSearch", "..\..\..\PMGSearch\PMGSearch\PMGSearch.csproj", "{669A2777-33C6-4458-99D7-49A7466FE662}"
EndProject
Project("{FAE04EC0-301F-11D3-BF4B-00C04F79EFBC}") = "Sentiment", "..\..\..\Sentiment\Sentiment.csproj", "{2171FFA6-BDEC-4882-94F9-50FEE34F9ED9}"
EndProject
Project("{2150E333-8FDC-42A3-9474-1A3956D46DE8}") = "Solution Items", "Solution Items", "{CCC8A496-CD09-4131-BB06-F641DAB36286}"
	ProjectSection(SolutionItems) = preProject
		References.txt = References.txt
	EndProjectSection
EndProject
Project("{FAE04EC0-301F-11D3-BF4B-00C04F79EFBC}") = "Prominence", "..\..\Prominence\Prominence.csproj", "{3E93345A-ABF9-422D-B9E4-CCD8A1F5A7D5}"
EndProject
Project("{FAE04EC0-301F-11D3-BF4B-00C04F79EFBC}") = "FeedsSearch", "..\..\..\FeedsSearch\FeedsSearch.csproj", "{CB4A97E5-1C6F-4BF0-AEA4-B8D143CBD503}"
EndProject
Project("{FAE04EC0-301F-11D3-BF4B-00C04F79EFBC}") = "IQMedia.Security", "..\..\..\Security\IQMedia.Security\IQMedia.Security.csproj", "{CE5163B5-A186-41FA-9BC7-CE88FF750F39}"
EndProject
Project("{FAE04EC0-301F-11D3-BF4B-00C04F79EFBC}") = "IQCommon", "..\..\..\..\IQCommon\IQCommon\IQCommon.csproj", "{6C491916-50C9-4E52-A355-596FDE89816B}"
EndProject
Project("{FAE04EC0-301F-11D3-BF4B-00C04F79EFBC}") = "IQRadioSearch", "..\..\..\IQRadioSearch\IQRadioSearch\IQRadioSearch.csproj", "{42C034CA-BFEA-4C5E-9B74-9415518C0FCC}"
EndProject
Project("{FAE04EC0-301F-11D3-BF4B-00C04F79EFBC}") = "IQMedia.Shared", "..\..\Common\IQMedia.Shared\IQMedia.Shared.csproj", "{0B641996-1E4E-41D7-AB14-36295FAA3F4E}"
EndProject
Project("{FAE04EC0-301F-11D3-BF4B-00C04F79EFBC}") = "AnalyticsSearch", "..\..\..\AnalyticsSearch\AnalyticsSearch\AnalyticsSearch.csproj", "{60F13732-9DA0-43E7-B201-16099CF83AFE}"
EndProject
Global
	GlobalSection(TeamFoundationVersionControl) = preSolution
		SccNumberOfProjects = 14
		SccEnterpriseProvider = {4CA58AB2-18FA-4F8D-95D4-32DDF27D184C}
		SccTeamFoundationServer = http://10.100.1.73:8080/tfs/defaultcollection
		SccLocalPath0 = .
		SccProjectUniqueName1 = ..\\IQMedia.Data\\IQMedia.Data.csproj
		SccProjectName1 = ../IQMedia.Data
		SccLocalPath1 = ..\\IQMedia.Data
		SccProjectUniqueName2 = ..\\IQMedia.Logic\\IQMedia.Web.Logic.csproj
		SccProjectName2 = ../IQMedia.Logic
		SccLocalPath2 = ..\\IQMedia.Logic
		SccProjectUniqueName3 = ..\\IQMedia.Model\\IQMedia.Model.csproj
		SccProjectName3 = ../IQMedia.Model
		SccLocalPath3 = ..\\IQMedia.Model
		SccProjectUniqueName4 = IQMedia.WebApplication.csproj
		SccLocalPath4 = .
		SccProjectUniqueName5 = ..\\..\\..\\PMGSearch\\PMGSearch\\PMGSearch.csproj
		SccProjectName5 = ../../../PMGSearch/PMGSearch
		SccLocalPath5 = ..\\..\\..\\PMGSearch\\PMGSearch
		SccProjectUniqueName6 = ..\\..\\..\\Sentiment\\Sentiment.csproj
		SccProjectName6 = ../../../Sentiment
		SccLocalPath6 = ..\\..\\..\\Sentiment
		SccProjectUniqueName7 = ..\\..\\Prominence\\Prominence.csproj
		SccProjectName7 = ../../Prominence
		SccLocalPath7 = ..\\..\\Prominence
		SccProjectUniqueName8 = ..\\..\\..\\FeedsSearch\\FeedsSearch.csproj
		SccProjectName8 = ../../../FeedsSearch
		SccLocalPath8 = ..\\..\\..\\FeedsSearch
		SccProjectUniqueName9 = ..\\..\\..\\Security\\IQMedia.Security\\IQMedia.Security.csproj
		SccProjectName9 = ../../../Security/IQMedia.Security
		SccLocalPath9 = ..\\..\\..\\Security\\IQMedia.Security
		SccProjectUniqueName10 = ..\\..\\..\\..\\IQCommon\\IQCommon\\IQCommon.csproj
		SccProjectName10 = ../../../../IQCommon/IQCommon
		SccLocalPath10 = ..\\..\\..\\..\\IQCommon\\IQCommon
		SccProjectUniqueName11 = ..\\..\\..\\IQRadioSearch\\IQRadioSearch\\IQRadioSearch.csproj
		SccProjectName11 = ../../../IQRadioSearch/IQRadioSearch
		SccLocalPath11 = ..\\..\\..\\IQRadioSearch\\IQRadioSearch
		SccProjectUniqueName12 = ..\\..\\Common\\IQMedia.Shared\\IQMedia.Shared.csproj
		SccProjectName12 = ../../Common/IQMedia.Shared
		SccLocalPath12 = ..\\..\\Common\\IQMedia.Shared
		SccProjectUniqueName13 = ..\\..\\..\\AnalyticsSearch\\AnalyticsSearch\\AnalyticsSearch.csproj
		SccProjectName13 = ../../../AnalyticsSearch/AnalyticsSearch
		SccLocalPath13 = ..\\..\\..\\AnalyticsSearch\\AnalyticsSearch
	EndGlobalSection
	GlobalSection(SolutionConfigurationPlatforms) = preSolution
		Debug|Any CPU = Debug|Any CPU
		Release|Any CPU = Release|Any CPU
	EndGlobalSection
	GlobalSection(ProjectConfigurationPlatforms) = postSolution
		{C9AE798E-9EAE-4539-95E5-35D124BEB028}.Debug|Any CPU.ActiveCfg = Debug|Any CPU
		{C9AE798E-9EAE-4539-95E5-35D124BEB028}.Debug|Any CPU.Build.0 = Debug|Any CPU
		{C9AE798E-9EAE-4539-95E5-35D124BEB028}.Release|Any CPU.ActiveCfg = Release|Any CPU
		{C9AE798E-9EAE-4539-95E5-35D124BEB028}.Release|Any CPU.Build.0 = Release|Any CPU
		{ED5B1FC9-8C04-4F5E-BDAA-60D8A7C227E3}.Debug|Any CPU.ActiveCfg = Debug|Any CPU
		{ED5B1FC9-8C04-4F5E-BDAA-60D8A7C227E3}.Debug|Any CPU.Build.0 = Debug|Any CPU
		{ED5B1FC9-8C04-4F5E-BDAA-60D8A7C227E3}.Release|Any CPU.ActiveCfg = Release|Any CPU
		{ED5B1FC9-8C04-4F5E-BDAA-60D8A7C227E3}.Release|Any CPU.Build.0 = Release|Any CPU
		{27287047-85ED-43FF-9A0E-E61C7B5C6887}.Debug|Any CPU.ActiveCfg = Debug|Any CPU
		{27287047-85ED-43FF-9A0E-E61C7B5C6887}.Debug|Any CPU.Build.0 = Debug|Any CPU
		{27287047-85ED-43FF-9A0E-E61C7B5C6887}.Release|Any CPU.ActiveCfg = Release|Any CPU
		{27287047-85ED-43FF-9A0E-E61C7B5C6887}.Release|Any CPU.Build.0 = Release|Any CPU
		{84797604-3515-4B8C-BD84-AEC99D30B9E2}.Debug|Any CPU.ActiveCfg = Debug|Any CPU
		{84797604-3515-4B8C-BD84-AEC99D30B9E2}.Debug|Any CPU.Build.0 = Debug|Any CPU
		{84797604-3515-4B8C-BD84-AEC99D30B9E2}.Release|Any CPU.ActiveCfg = Release|Any CPU
		{84797604-3515-4B8C-BD84-AEC99D30B9E2}.Release|Any CPU.Build.0 = Release|Any CPU
		{669A2777-33C6-4458-99D7-49A7466FE662}.Debug|Any CPU.ActiveCfg = Debug|Any CPU
		{669A2777-33C6-4458-99D7-49A7466FE662}.Debug|Any CPU.Build.0 = Debug|Any CPU
		{669A2777-33C6-4458-99D7-49A7466FE662}.Release|Any CPU.ActiveCfg = Release|Any CPU
		{669A2777-33C6-4458-99D7-49A7466FE662}.Release|Any CPU.Build.0 = Release|Any CPU
		{2171FFA6-BDEC-4882-94F9-50FEE34F9ED9}.Debug|Any CPU.ActiveCfg = Debug|Any CPU
		{2171FFA6-BDEC-4882-94F9-50FEE34F9ED9}.Debug|Any CPU.Build.0 = Debug|Any CPU
		{2171FFA6-BDEC-4882-94F9-50FEE34F9ED9}.Release|Any CPU.ActiveCfg = Release|Any CPU
		{2171FFA6-BDEC-4882-94F9-50FEE34F9ED9}.Release|Any CPU.Build.0 = Release|Any CPU
		{3E93345A-ABF9-422D-B9E4-CCD8A1F5A7D5}.Debug|Any CPU.ActiveCfg = Debug|Any CPU
		{3E93345A-ABF9-422D-B9E4-CCD8A1F5A7D5}.Debug|Any CPU.Build.0 = Debug|Any CPU
		{3E93345A-ABF9-422D-B9E4-CCD8A1F5A7D5}.Release|Any CPU.ActiveCfg = Release|Any CPU
		{3E93345A-ABF9-422D-B9E4-CCD8A1F5A7D5}.Release|Any CPU.Build.0 = Release|Any CPU
		{CB4A97E5-1C6F-4BF0-AEA4-B8D143CBD503}.Debug|Any CPU.ActiveCfg = Debug|Any CPU
		{CB4A97E5-1C6F-4BF0-AEA4-B8D143CBD503}.Debug|Any CPU.Build.0 = Debug|Any CPU
		{CB4A97E5-1C6F-4BF0-AEA4-B8D143CBD503}.Release|Any CPU.ActiveCfg = Release|Any CPU
		{CB4A97E5-1C6F-4BF0-AEA4-B8D143CBD503}.Release|Any CPU.Build.0 = Release|Any CPU
		{CE5163B5-A186-41FA-9BC7-CE88FF750F39}.Debug|Any CPU.ActiveCfg = Debug|Any CPU
		{CE5163B5-A186-41FA-9BC7-CE88FF750F39}.Debug|Any CPU.Build.0 = Debug|Any CPU
		{CE5163B5-A186-41FA-9BC7-CE88FF750F39}.Release|Any CPU.ActiveCfg = Release|Any CPU
		{CE5163B5-A186-41FA-9BC7-CE88FF750F39}.Release|Any CPU.Build.0 = Release|Any CPU
		{6C491916-50C9-4E52-A355-596FDE89816B}.Debug|Any CPU.ActiveCfg = Debug|Any CPU
		{6C491916-50C9-4E52-A355-596FDE89816B}.Debug|Any CPU.Build.0 = Debug|Any CPU
		{6C491916-50C9-4E52-A355-596FDE89816B}.Release|Any CPU.ActiveCfg = Release|Any CPU
		{6C491916-50C9-4E52-A355-596FDE89816B}.Release|Any CPU.Build.0 = Release|Any CPU
		{42C034CA-BFEA-4C5E-9B74-9415518C0FCC}.Debug|Any CPU.ActiveCfg = Debug|Any CPU
		{42C034CA-BFEA-4C5E-9B74-9415518C0FCC}.Debug|Any CPU.Build.0 = Debug|Any CPU
		{42C034CA-BFEA-4C5E-9B74-9415518C0FCC}.Release|Any CPU.ActiveCfg = Release|Any CPU
		{42C034CA-BFEA-4C5E-9B74-9415518C0FCC}.Release|Any CPU.Build.0 = Release|Any CPU
		{0B641996-1E4E-41D7-AB14-36295FAA3F4E}.Debug|Any CPU.ActiveCfg = Debug|Any CPU
		{0B641996-1E4E-41D7-AB14-36295FAA3F4E}.Debug|Any CPU.Build.0 = Debug|Any CPU
		{0B641996-1E4E-41D7-AB14-36295FAA3F4E}.Release|Any CPU.ActiveCfg = Release|Any CPU
		{0B641996-1E4E-41D7-AB14-36295FAA3F4E}.Release|Any CPU.Build.0 = Release|Any CPU
		{60F13732-9DA0-43E7-B201-16099CF83AFE}.Debug|Any CPU.ActiveCfg = Debug|Any CPU
		{60F13732-9DA0-43E7-B201-16099CF83AFE}.Debug|Any CPU.Build.0 = Debug|Any CPU
		{60F13732-9DA0-43E7-B201-16099CF83AFE}.Release|Any CPU.ActiveCfg = Release|Any CPU
		{60F13732-9DA0-43E7-B201-16099CF83AFE}.Release|Any CPU.Build.0 = Release|Any CPU
	EndGlobalSection
	GlobalSection(SolutionProperties) = preSolution
		HideSolutionNode = FALSE
	EndGlobalSection
EndGlobal
